
Microsoft Visual Studio Solution File, Format Version 12.00
# Visual Studio Version 17
VisualStudioVersion = 17.2.32630.192
MinimumVisualStudioVersion = 10.0.40219.1
Project("{FAE04EC0-301F-11D3-BF4B-00C04F79EFBC}") = "WebApp", "WebApp\WebApp.csproj", "{345CC399-C6B6-4BA3-BE2B-9352063D73F4}"
EndProject
Global
	GlobalSection(SolutionConfigurationPlatforms) = preSolution
		Debug|Any CPU = Debug|Any CPU
		Release|Any CPU = Release|Any CPU
	EndGlobalSection
	GlobalSection(ProjectConfigurationPlatforms) = postSolution
		{345CC399-C6B6-4BA3-BE2B-9352063D73F4}.Debug|Any CPU.ActiveCfg = Debug|Any CPU
		{345CC399-C6B6-4BA3-BE2B-9352063D73F4}.Debug|Any CPU.Build.0 = Debug|Any CPU
		{345CC399-C6B6-4BA3-BE2B-9352063D73F4}.Release|Any CPU.ActiveCfg = Release|Any CPU
		{345CC399-C6B6-4BA3-BE2B-9352063D73F4}.Release|Any CPU.Build.0 = Release|Any CPU
	EndGlobalSection
	GlobalSection(SolutionProperties) = preSolution
		HideSolutionNode = FALSE
	EndGlobalSection
	GlobalSection(ExtensibilityGlobals) = postSolution
		SolutionGuid = {EC3A6F3E-39F2-4CAE-89B3-795C94A56D17}
	EndGlobalSection
EndGlobal
